
Microsoft Visual Studio Solution File, Format Version 12.00
# Visual Studio Version 16
VisualStudioVersion = 16.0.31129.286
MinimumVisualStudioVersion = 10.0.40219.1
Project("{FAE04EC0-301F-11D3-BF4B-00C04F79EFBC}") = "FinderApp.Android", "FinderApp.Android\FinderApp.Android.csproj", "{0A35B5B8-39AD-4543-8262-E1638D169753}"
EndProject
Project("{9A19103F-16F7-4668-BE54-9A1E7A4F7556}") = "FinderApp", "FinderApp\FinderApp.csproj", "{B5159F08-C6E4-4230-8AE7-38AAAC0CE336}"
EndProject
Global
	GlobalSection(SolutionConfigurationPlatforms) = preSolution
		Debug|Any CPU = Debug|Any CPU
		Release|Any CPU = Release|Any CPU
	EndGlobalSection
	GlobalSection(ProjectConfigurationPlatforms) = postSolution
		{0A35B5B8-39AD-4543-8262-E1638D169753}.Debug|Any CPU.ActiveCfg = Debug|Any CPU
		{0A35B5B8-39AD-4543-8262-E1638D169753}.Debug|Any CPU.Build.0 = Debug|Any CPU
		{0A35B5B8-39AD-4543-8262-E1638D169753}.Debug|Any CPU.Deploy.0 = Debug|Any CPU
		{0A35B5B8-39AD-4543-8262-E1638D169753}.Release|Any CPU.ActiveCfg = Release|Any CPU
		{0A35B5B8-39AD-4543-8262-E1638D169753}.Release|Any CPU.Build.0 = Release|Any CPU
		{0A35B5B8-39AD-4543-8262-E1638D169753}.Release|Any CPU.Deploy.0 = Release|Any CPU
		{B5159F08-C6E4-4230-8AE7-38AAAC0CE336}.Debug|Any CPU.ActiveCfg = Debug|Any CPU
		{B5159F08-C6E4-4230-8AE7-38AAAC0CE336}.Debug|Any CPU.Build.0 = Debug|Any CPU
		{B5159F08-C6E4-4230-8AE7-38AAAC0CE336}.Debug|Any CPU.Deploy.0 = Debug|Any CPU
		{B5159F08-C6E4-4230-8AE7-38AAAC0CE336}.Release|Any CPU.ActiveCfg = Release|Any CPU
		{B5159F08-C6E4-4230-8AE7-38AAAC0CE336}.Release|Any CPU.Build.0 = Release|Any CPU
		{B5159F08-C6E4-4230-8AE7-38AAAC0CE336}.Release|Any CPU.Deploy.0 = Release|Any CPU
	EndGlobalSection
	GlobalSection(SolutionProperties) = preSolution
		HideSolutionNode = FALSE
	EndGlobalSection
	GlobalSection(ExtensibilityGlobals) = postSolution
		SolutionGuid = {5FDE99AC-7FC0-4048-A1AF-7D2ACADB4C5A}
	EndGlobalSection
EndGlobal
